{
  "version": "4",
  "specifiers": {
    "jsr:@kt3k/cell@~0.7.6": "0.7.6",
    "jsr:@kt3k/picojsx@~0.1.5": "0.1.5",
    "jsr:@kt3k/signal@0.3": "0.3.0",
    "jsr:@kt3k/weak-value-map@~0.1.2": "0.1.2",
    "jsr:@std/encoding@^1.0.6": "1.0.7",
    "npm:@types/vscode-webview@^1.57.5": "1.57.5",
    "npm:@types/vscode@^1.96.0": "1.97.0",
    "npm:seedrandom@^3.0.5": "3.0.5"
  },
  "jsr": {
    "@kt3k/cell@0.7.6": {
      "integrity": "f5b7bdf5a75d434959d14d6fa2d426d976ed84f8a8d7d7a60ccd76683bf2deb3",
      "dependencies": [
        "jsr:@kt3k/signal"
      ]
    },
    "@kt3k/picojsx@0.1.5": {
      "integrity": "ebffa8488f6f9f135e78a5e162102ebd817e7d19bc1bd51c82b17b998fa58205"
    },
    "@kt3k/signal@0.3.0": {
      "integrity": "5279863b78cbe475a8606864122abaad600e508e08eec7fff126f05c81aad7ff"
    },
    "@kt3k/weak-value-map@0.1.2": {
      "integrity": "b95ba4b9a56ba74191703707e3a2ff77cabe68a5d66fe35f4a73f5ece91a6b95"
    },
    "@std/encoding@1.0.6": {
      "integrity": "ca87122c196e8831737d9547acf001766618e78cd8c33920776c7f5885546069"
    },
    "@std/encoding@1.0.7": {
      "integrity": "f631247c1698fef289f2de9e2a33d571e46133b38d042905e3eac3715030a82d"
    }
  },
  "npm": {
    "@types/vscode-webview@1.57.5": {
      "integrity": "sha512-iBAUYNYkz+uk1kdsq05fEcoh8gJmwT3lqqFPN7MGyjQ3HVloViMdo7ZJ8DFIP8WOK74PjOEilosqAyxV2iUFUw=="
    },
    "@types/vscode@1.97.0": {
      "integrity": "sha512-ueE73loeOTe7olaVyqP9mrRI54kVPJifUPjblZo9fYcv1CuVLPOEKEkqW0GkqPC454+nCEoigLWnC2Pp7prZ9w=="
    },
    "seedrandom@3.0.5": {
      "integrity": "sha512-8OwmbklUNzwezjGInmZ+2clQmExQPvomqjL7LFqOYqtmuxRgQYqOD3mHaU+MvZn5FLUeVxVfQjwLZW/n/JFuqg=="
    }
  },
  "workspace": {
    "dependencies": [
      "jsr:@kt3k/cell@~0.7.6",
      "jsr:@kt3k/picojsx@~0.1.5",
      "jsr:@kt3k/weak-value-map@~0.1.2",
      "jsr:@std/encoding@^1.0.6",
      "npm:@types/vscode-webview@^1.57.5",
      "npm:seedrandom@^3.0.5"
    ]
  }
}
